
Microsoft Visual Studio Solution File, Format Version 12.00
# Visual Studio Version 17
VisualStudioVersion = 17.10.35122.118
MinimumVisualStudioVersion = 10.0.40219.1
Project("{9A19103F-16F7-4668-BE54-9A1E7A4F7556}") = "CompanyFleetManager", "CompanyFleetManager\CompanyFleetManager.csproj", "{79007784-C81B-44D1-A883-904D15C68D08}"
EndProject
Project("{9A19103F-16F7-4668-BE54-9A1E7A4F7556}") = "CompanyFleetManagerTests", "CompanyFleetManagerTests\CompanyFleetManagerTests.csproj", "{D63E7F94-118F-4FC8-A180-1DE11CE1DFDF}"
EndProject
Project("{9A19103F-16F7-4668-BE54-9A1E7A4F7556}") = "CompanyFleetManagerWebApp", "CompanyFleetManagerWebMvc\CompanyFleetManagerWebApp.csproj", "{22288B64-CE28-4345-8915-ED9066E60292}"
EndProject
Project("{FAE04EC0-301F-11D3-BF4B-00C04F79EFBC}") = "CompanyFleetManagerTestsE2E", "CompanyFleetManagerTestsE2E\CompanyFleetManagerTestsE2E.csproj", "{9727CBCA-24A0-4DBA-9893-0C29F4DFF4D8}"
EndProject
Global
	GlobalSection(SolutionConfigurationPlatforms) = preSolution
		Debug|Any CPU = Debug|Any CPU
		Release|Any CPU = Release|Any CPU
	EndGlobalSection
	GlobalSection(ProjectConfigurationPlatforms) = postSolution
		{79007784-C81B-44D1-A883-904D15C68D08}.Debug|Any CPU.ActiveCfg = Debug|Any CPU
		{79007784-C81B-44D1-A883-904D15C68D08}.Debug|Any CPU.Build.0 = Debug|Any CPU
		{79007784-C81B-44D1-A883-904D15C68D08}.Release|Any CPU.ActiveCfg = Release|Any CPU
		{79007784-C81B-44D1-A883-904D15C68D08}.Release|Any CPU.Build.0 = Release|Any CPU
		{D63E7F94-118F-4FC8-A180-1DE11CE1DFDF}.Debug|Any CPU.ActiveCfg = Debug|Any CPU
		{D63E7F94-118F-4FC8-A180-1DE11CE1DFDF}.Debug|Any CPU.Build.0 = Debug|Any CPU
		{D63E7F94-118F-4FC8-A180-1DE11CE1DFDF}.Release|Any CPU.ActiveCfg = Release|Any CPU
		{D63E7F94-118F-4FC8-A180-1DE11CE1DFDF}.Release|Any CPU.Build.0 = Release|Any CPU
		{22288B64-CE28-4345-8915-ED9066E60292}.Debug|Any CPU.ActiveCfg = Debug|Any CPU
		{22288B64-CE28-4345-8915-ED9066E60292}.Debug|Any CPU.Build.0 = Debug|Any CPU
		{22288B64-CE28-4345-8915-ED9066E60292}.Release|Any CPU.ActiveCfg = Release|Any CPU
		{22288B64-CE28-4345-8915-ED9066E60292}.Release|Any CPU.Build.0 = Release|Any CPU
		{9727CBCA-24A0-4DBA-9893-0C29F4DFF4D8}.Debug|Any CPU.ActiveCfg = Debug|Any CPU
		{9727CBCA-24A0-4DBA-9893-0C29F4DFF4D8}.Debug|Any CPU.Build.0 = Debug|Any CPU
		{9727CBCA-24A0-4DBA-9893-0C29F4DFF4D8}.Release|Any CPU.ActiveCfg = Release|Any CPU
		{9727CBCA-24A0-4DBA-9893-0C29F4DFF4D8}.Release|Any CPU.Build.0 = Release|Any CPU
	EndGlobalSection
	GlobalSection(SolutionProperties) = preSolution
		HideSolutionNode = FALSE
	EndGlobalSection
	GlobalSection(ExtensibilityGlobals) = postSolution
		SolutionGuid = {A3C506FE-008D-4FEC-BC1F-F82F67BB9182}
	EndGlobalSection
EndGlobal
